{
  "name": "cli",
  "version": "1.0.0",
  "lockfileVersion": 3,
  "requires": true,
  "packages": {
    "": {
      "name": "cli",
      "version": "1.0.0",
      "license": "MIT",
      "dependencies": {
        "commander": "^11.0.0",
        "http-status": "^1.6.2",
        "undici": "^6.23.0"
      },
      "bin": {
        "uploadshare": "cli.js",
        "ush": "cli.js"
      }
    },
    "node_modules/commander": {
      "version": "11.0.0",
      "resolved": "https://registry.npmjs.org/commander/-/commander-11.0.0.tgz",
      "integrity": "sha512-9HMlXtt/BNoYr8ooyjjNRdIilOTkVJXB+GhxMTtOKwk0R4j4lS4NpjuqmRxroBfnfTSHQIHQB7wryHhXarNjmQ==",
      "engines": {
        "node": ">=16"
      }
    },
    "node_modules/http-status": {
      "version": "1.6.2",
      "resolved": "https://registry.npmjs.org/http-status/-/http-status-1.6.2.tgz",
      "integrity": "sha512-oUExvfNckrpTpDazph7kNG8sQi5au3BeTo0idaZFXEhTaJKu7GNJCLHI0rYY2wljm548MSTM+Ljj/c6anqu2zQ==",
      "engines": {
        "node": ">= 0.4.0"
      }
    },
    "node_modules/undici": {
      "version": "6.23.0",
      "resolved": "https://registry.npmjs.org/undici/-/undici-6.23.0.tgz",
      "integrity": "sha512-VfQPToRA5FZs/qJxLIinmU59u0r7LXqoJkCzinq3ckNJp3vKEh7jTWN589YQ5+aoAC/TGRLyJLCPKcLQbM8r9g==",
      "license": "MIT",
      "engines": {
        "node": ">=18.17"
      }
    }
  }
}
